// !$*UTF8*$!
{
	archiveVersion = 1;
	classes = {
	};
	objectVersion = 77;
	objects = {

/* Begin PBXBuildFile section */
		39DBBEDBB80A424FBFE1045F /* AIService.swift in Sources */ = {isa = PBXBuildFile; fileRef = 308ADFE7164B4275830B6745 /* AIService.swift */; };
		AABB11CC22DD33EE44FF5501 /* CoachToolModels.swift in Sources */ = {isa = PBXBuildFile; fileRef = AABB11CC22DD33EE44FF5502 /* CoachToolModels.swift */; };
		AABB11CC22DD33EE44FF5503 /* CoachToolWriter.swift in Sources */ = {isa = PBXBuildFile; fileRef = AABB11CC22DD33EE44FF5504 /* CoachToolWriter.swift */; };
		56449446042E4A99A0524855 /* InvoicePDFRenderer.swift in Sources */ = {isa = PBXBuildFile; fileRef = 85F67452D64B466F96EAC824 /* InvoicePDFRenderer.swift */; };
		641EAE95C9BAC6DA7C66E2BC /* UserProfile.swift in Sources */ = {isa = PBXBuildFile; fileRef = D4ACCA611E51643F69DDAC54 /* UserProfile.swift */; };
		80EBB0D0B8534DC8B6B2EE0C /* CoachView.swift in Sources */ = {isa = PBXBuildFile; fileRef = E99887AC14A84BD1A61B3ECA /* CoachView.swift */; };
		EB3A162D0B164E2F84430D72 /* TaskDataSerializer.swift in Sources */ = {isa = PBXBuildFile; fileRef = FEA8EDC224D5497C8F236CA2 /* TaskDataSerializer.swift */; };
		EE02CC682E4DB0D600173CC4 /* RootView.swift in Sources */ = {isa = PBXBuildFile; fileRef = EE02CC672E4DB0D600173CC4 /* RootView.swift */; };
		EE02CC6C2E4E31F000173CC4 /* EditEntryView.swift in Sources */ = {isa = PBXBuildFile; fileRef = EE02CC6B2E4E31F000173CC4 /* EditEntryView.swift */; };
		EE02CC702E4E373900173CC4 /* DocumentPicker.swift in Sources */ = {isa = PBXBuildFile; fileRef = EE02CC6F2E4E373900173CC4 /* DocumentPicker.swift */; };
		EE0C627E2E4F601C0008DDE4 /* ClientDetailView.swift in Sources */ = {isa = PBXBuildFile; fileRef = EE0C627D2E4F601C0008DDE4 /* ClientDetailView.swift */; };
		3F10911D3601473036CF262B /* EntryListView.swift in Sources */ = {isa = PBXBuildFile; fileRef = 78253F17C58F942AE90C87A5 /* EntryListView.swift */; };
		EE0E53772EA9CB4100C07E2E /* StatsSectionView.swift in Sources */ = {isa = PBXBuildFile; fileRef = EE0E53762EA9CB4100C07E2E /* StatsSectionView.swift */; };
		EE0E53792EA9CC0C00C07E2E /* StatsComponents.swift in Sources */ = {isa = PBXBuildFile; fileRef = EE0E53782EA9CC0C00C07E2E /* StatsComponents.swift */; };
		EE0E537B2EA9CDE300C07E2E /* StatsPageView.swift in Sources */ = {isa = PBXBuildFile; fileRef = EE0E537A2EA9CDE300C07E2E /* StatsPageView.swift */; };
		EE0E537F2EA9CEDB00C07E2E /* EntriesListView.swift in Sources */ = {isa = PBXBuildFile; fileRef = EE0E537E2EA9CEDB00C07E2E /* EntriesListView.swift */; };
		EE150DFA2E920DA7005C4321 /* TimeLog.swift in Sources */ = {isa = PBXBuildFile; fileRef = EE150DF92E920DA7005C4321 /* TimeLog.swift */; };
		EE192F542EA9DD68002F38A0 /* CalendarMonthView.swift in Sources */ = {isa = PBXBuildFile; fileRef = EE192F532EA9DD68002F38A0 /* CalendarMonthView.swift */; };
		EE205D8A2F1BDAE100E2B088 /* EntryTemplate.swift in Sources */ = {isa = PBXBuildFile; fileRef = EE205D892F1BDAE100E2B088 /* EntryTemplate.swift */; };
		EE205D8C2F1BDF1600E2B088 /* EntryTemplateEditorView.swift in Sources */ = {isa = PBXBuildFile; fileRef = EE205D8B2F1BDF1600E2B088 /* EntryTemplateEditorView.swift */; };
		EE205D8E2F1BE1F800E2B088 /* SubtasksSectionView.swift in Sources */ = {isa = PBXBuildFile; fileRef = EE205D8D2F1BE1F800E2B088 /* SubtasksSectionView.swift */; };
		EE5DFE7F2E4FAE8100D7D747 /* BrickDotApp.swift in Sources */ = {isa = PBXBuildFile; fileRef = EEDCD6B12E4D88BA00C792C4 /* BrickDotApp.swift */; };
		EE854AC72E581BDA00C776C6 /* Entry.swift in Sources */ = {isa = PBXBuildFile; fileRef = EEDCD6982E4D7CE200C792C4 /* Entry.swift */; };
		EE854AC82E581BE000C776C6 /* Client.swift in Sources */ = {isa = PBXBuildFile; fileRef = EEDCD6972E4D7CE200C792C4 /* Client.swift */; };
		EE854ACF2E58BC9000C776C6 /* EntryFormSection.swift in Sources */ = {isa = PBXBuildFile; fileRef = EE854ACE2E58BC9000C776C6 /* EntryFormSection.swift */; };
		EE854AD12E58C1A000C776C6 /* EntryStatus.swift in Sources */ = {isa = PBXBuildFile; fileRef = EE854AD02E58C1A000C776C6 /* EntryStatus.swift */; };
		EE8CDECE2E78B9D20011B686 /* Subtask.swift in Sources */ = {isa = PBXBuildFile; fileRef = EE8CDECD2E78B9D20011B686 /* Subtask.swift */; };
		EE984E962E58DA08004A272F /* NewClientView.swift in Sources */ = {isa = PBXBuildFile; fileRef = EE984E952E58DA08004A272F /* NewClientView.swift */; };
		EEA142542E942FCF00ACB8DD /* Date+Bounds.swift in Sources */ = {isa = PBXBuildFile; fileRef = EEA142532E942FCF00ACB8DD /* Date+Bounds.swift */; };
		EEA142562E9437B300ACB8DD /* DateBoundsTests.swift in Sources */ = {isa = PBXBuildFile; fileRef = EEA142552E9437B300ACB8DD /* DateBoundsTests.swift */; };
		EEAB0DDA2FDA000000000002 /* GettingStartedCard.swift in Sources */ = {isa = PBXBuildFile; fileRef = EEAB0DDA2FDA000000000001 /* GettingStartedCard.swift */; };
		EEAB0DDA2FDA000000000004 /* RunningTimerBar.swift in Sources */ = {isa = PBXBuildFile; fileRef = EEAB0DDA2FDA000000000003 /* RunningTimerBar.swift */; };
		EEAB0DDA2FDA000000000006 /* StarterTodos.swift in Sources */ = {isa = PBXBuildFile; fileRef = EEAB0DDA2FDA000000000005 /* StarterTodos.swift */; };
		EEABCEB32E4E47A20029A98C /* HomeView.swift in Sources */ = {isa = PBXBuildFile; fileRef = EEABCEB22E4E47A20029A98C /* HomeView.swift */; };
		EEABCEB52E4E5E3F0029A98C /* DateExtensions.swift in Sources */ = {isa = PBXBuildFile; fileRef = EEABCEB42E4E5E3F0029A98C /* DateExtensions.swift */; };
		EEABCEB72E4E845E0029A98C /* AutoBackup.swift in Sources */ = {isa = PBXBuildFile; fileRef = EEABCEB62E4E845E0029A98C /* AutoBackup.swift */; };
		EEB9C9742E4FC7FA009D95B9 /* Backup.swift in Sources */ = {isa = PBXBuildFile; fileRef = EEB9C9732E4FC7FA009D95B9 /* Backup.swift */; };
		EEB9C9822E4FC907009D95B9 /* ClientListView.swift in Sources */ = {isa = PBXBuildFile; fileRef = EEB9C9812E4FC907009D95B9 /* ClientListView.swift */; };
		EEC3778E2E9218E90066C54E /* Entry+RunningElapsed.swift in Sources */ = {isa = PBXBuildFile; fileRef = EEC3778D2E9218E90066C54E /* Entry+RunningElapsed.swift */; };
		EEC377902E921A860066C54E /* StatPill.swift in Sources */ = {isa = PBXBuildFile; fileRef = EEC3778F2E921A860066C54E /* StatPill.swift */; };
		EEC377922E921A910066C54E /* EntryRows.swift in Sources */ = {isa = PBXBuildFile; fileRef = EEC377912E921A910066C54E /* EntryRows.swift */; };
		EEC377942E921DC80066C54E /* Colors.swift in Sources */ = {isa = PBXBuildFile; fileRef = EEC377932E921DC80066C54E /* Colors.swift */; };
		EEC377962E921DCB0066C54E /* TimeFormatting.swift in Sources */ = {isa = PBXBuildFile; fileRef = EEC377952E921DCB0066C54E /* TimeFormatting.swift */; };
		EEC46E782FD9C0050047ABBE /* ReportsChartsView.swift in Sources */ = {isa = PBXBuildFile; fileRef = EEC46E772FD9C0050047ABBE /* ReportsChartsView.swift */; };
		EEC46E7C2FD9C1BD0047ABBE /* CSVImporter.swift in Sources */ = {isa = PBXBuildFile; fileRef = EEC46E7B2FD9C1BD0047ABBE /* CSVImporter.swift */; };
		EEC46E7E2FD9C39F0047ABBE /* ExportView.swift in Sources */ = {isa = PBXBuildFile; fileRef = EEC46E7D2FD9C39F0047ABBE /* ExportView.swift */; };
		EEC744B92E5CFB0000E9D21A /* InvoiceNumberManager.swift in Sources */ = {isa = PBXBuildFile; fileRef = EEC744B82E5CFB0000E9D21A /* InvoiceNumberManager.swift */; };
		EEC744BB2E5D0F5100E9D21A /* Invoice.swift in Sources */ = {isa = PBXBuildFile; fileRef = EEC744BA2E5D0F5100E9D21A /* Invoice.swift */; };
		EEC744BD2E5D10D500E9D21A /* InvoiceDetailView.swift in Sources */ = {isa = PBXBuildFile; fileRef = EEC744BC2E5D10D500E9D21A /* InvoiceDetailView.swift */; };
		EEC744BF2E71F07700E9D21A /* AgendaExporter.swift in Sources */ = {isa = PBXBuildFile; fileRef = EEC744BE2E71F07700E9D21A /* AgendaExporter.swift */; };
		EECB80BA2FCDC488007252D5 /* SearchView.swift in Sources */ = {isa = PBXBuildFile; fileRef = EECB80B92FCDC488007252D5 /* SearchView.swift */; };
		EECB80BC2FCDC9ED007252D5 /* QuickAddView.swift in Sources */ = {isa = PBXBuildFile; fileRef = EECB80BB2FCDC9ED007252D5 /* QuickAddView.swift */; };
		EECB80BE2FCDCBEB007252D5 /* SpeechRecognizer.swift in Sources */ = {isa = PBXBuildFile; fileRef = EECB80BD2FCDCBEB007252D5 /* SpeechRecognizer.swift */; };
		EECB80C02FCDE69E007252D5 /* AppTheme.swift in Sources */ = {isa = PBXBuildFile; fileRef = EECB80BF2FCDE69E007252D5 /* AppTheme.swift */; };
		EEDCD67E2E4D7C2000C792C4 /* Assets.xcassets in Resources */ = {isa = PBXBuildFile; fileRef = EEDCD67D2E4D7C2000C792C4 /* Assets.xcassets */; };
		EEDCD6842E4D7CB900C792C4 /* LogView.swift in Sources */ = {isa = PBXBuildFile; fileRef = EEDCD6802E4D7CB900C792C4 /* LogView.swift */; };
		EEDCD6852E4D7CB900C792C4 /* NewEntryView.swift in Sources */ = {isa = PBXBuildFile; fileRef = EEDCD6812E4D7CB900C792C4 /* NewEntryView.swift */; };
		EEDCD6912E4D7CCF00C792C4 /* CSVExporter.swift in Sources */ = {isa = PBXBuildFile; fileRef = EEDCD68F2E4D7CCF00C792C4 /* CSVExporter.swift */; };
		EEDCD6922E4D7CCF00C792C4 /* ShareSheet.swift in Sources */ = {isa = PBXBuildFile; fileRef = EEDCD6902E4D7CCF00C792C4 /* ShareSheet.swift */; };
		EEDCD6A02E4D7CFB00C792C4 /* DateFormatter+ISO.swift in Sources */ = {isa = PBXBuildFile; fileRef = EEDCD69F2E4D7CFB00C792C4 /* DateFormatter+ISO.swift */; };
		EEDCD6B02E4D830C00C792C4 /* Constants.swift in Sources */ = {isa = PBXBuildFile; fileRef = EEDCD6AF2E4D830400C792C4 /* Constants.swift */; };
		EEE727D42FDC462900B0FAD3 /* NotificationManager.swift in Sources */ = {isa = PBXBuildFile; fileRef = EEE727D32FDC462800B0FAD3 /* NotificationManager.swift */; };
		EEE835CF2E9C973300317915 /* SettingsView.swift in Sources */ = {isa = PBXBuildFile; fileRef = EEE835CE2E9C973300317915 /* SettingsView.swift */; };
		EEE835D12E9C994F00317915 /* ProfileView.swift in Sources */ = {isa = PBXBuildFile; fileRef = EEE835D02E9C994F00317915 /* ProfileView.swift */; };
/* End PBXBuildFile section */

/* Begin PBXFileReference section */
		308ADFE7164B4275830B6745 /* AIService.swift */ = {isa = PBXFileReference; lastKnownFileType = sourcecode.swift; path = AIService.swift; sourceTree = "<group>"; };
		AABB11CC22DD33EE44FF5502 /* CoachToolModels.swift */ = {isa = PBXFileReference; lastKnownFileType = sourcecode.swift; path = CoachToolModels.swift; sourceTree = "<group>"; };
		AABB11CC22DD33EE44FF5504 /* CoachToolWriter.swift */ = {isa = PBXFileReference; lastKnownFileType = sourcecode.swift; path = CoachToolWriter.swift; sourceTree = "<group>"; };
		85F67452D64B466F96EAC824 /* InvoicePDFRenderer.swift */ = {isa = PBXFileReference; lastKnownFileType = sourcecode.swift; path = InvoicePDFRenderer.swift; sourceTree = "<group>"; };
		D4ACCA611E51643F69DDAC54 /* UserProfile.swift */ = {isa = PBXFileReference; lastKnownFileType = sourcecode.swift; path = UserProfile.swift; sourceTree = "<group>"; };
		E99887AC14A84BD1A61B3ECA /* CoachView.swift */ = {isa = PBXFileReference; lastKnownFileType = sourcecode.swift; path = CoachView.swift; sourceTree = "<group>"; };
		EE02CC662E4DB0D600173CC4 /* ExportView.swift */ = {isa = PBXFileReference; lastKnownFileType = sourcecode.swift; path = ExportView.swift; sourceTree = "<group>"; };
		EE02CC672E4DB0D600173CC4 /* RootView.swift */ = {isa = PBXFileReference; lastKnownFileType = sourcecode.swift; path = RootView.swift; sourceTree = "<group>"; };
		EE02CC6B2E4E31F000173CC4 /* EditEntryView.swift */ = {isa = PBXFileReference; lastKnownFileType = sourcecode.swift; path = EditEntryView.swift; sourceTree = "<group>"; };
		EE02CC6F2E4E373900173CC4 /* DocumentPicker.swift */ = {isa = PBXFileReference; lastKnownFileType = sourcecode.swift; path = DocumentPicker.swift; sourceTree = "<group>"; };
		EE0C627D2E4F601C0008DDE4 /* ClientDetailView.swift */ = {isa = PBXFileReference; lastKnownFileType = sourcecode.swift; path = ClientDetailView.swift; sourceTree = "<group>"; };
		78253F17C58F942AE90C87A5 /* EntryListView.swift */ = {isa = PBXFileReference; lastKnownFileType = sourcecode.swift; path = EntryListView.swift; sourceTree = "<group>"; };
		EE0E53762EA9CB4100C07E2E /* StatsSectionView.swift */ = {isa = PBXFileReference; lastKnownFileType = sourcecode.swift; path = StatsSectionView.swift; sourceTree = "<group>"; };
		EE0E53782EA9CC0C00C07E2E /* StatsComponents.swift */ = {isa = PBXFileReference; lastKnownFileType = sourcecode.swift; path = StatsComponents.swift; sourceTree = "<group>"; };
		EE0E537A2EA9CDE300C07E2E /* StatsPageView.swift */ = {isa = PBXFileReference; lastKnownFileType = sourcecode.swift; path = StatsPageView.swift; sourceTree = "<group>"; };
		EE0E537E2EA9CEDB00C07E2E /* EntriesListView.swift */ = {isa = PBXFileReference; lastKnownFileType = sourcecode.swift; path = EntriesListView.swift; sourceTree = "<group>"; };
		EE150DF92E920DA7005C4321 /* TimeLog.swift */ = {isa = PBXFileReference; lastKnownFileType = sourcecode.swift; path = TimeLog.swift; sourceTree = "<group>"; };
		EE192F532EA9DD68002F38A0 /* CalendarMonthView.swift */ = {isa = PBXFileReference; lastKnownFileType = sourcecode.swift; path = CalendarMonthView.swift; sourceTree = "<group>"; };
		EE205D892F1BDAE100E2B088 /* EntryTemplate.swift */ = {isa = PBXFileReference; lastKnownFileType = sourcecode.swift; path = EntryTemplate.swift; sourceTree = "<group>"; };
		EE205D8B2F1BDF1600E2B088 /* EntryTemplateEditorView.swift */ = {isa = PBXFileReference; lastKnownFileType = sourcecode.swift; path = EntryTemplateEditorView.swift; sourceTree = "<group>"; };
		EE205D8D2F1BE1F800E2B088 /* SubtasksSectionView.swift */ = {isa = PBXFileReference; lastKnownFileType = sourcecode.swift; path = SubtasksSectionView.swift; sourceTree = "<group>"; };
		EE2B90972E59589E00DB8809 /* BrickDot.app */ = {isa = PBXFileReference; explicitFileType = wrapper.application; includeInIndex = 0; path = BrickDot.app; sourceTree = BUILT_PRODUCTS_DIR; };
		EE854ACE2E58BC9000C776C6 /* EntryFormSection.swift */ = {isa = PBXFileReference; lastKnownFileType = sourcecode.swift; path = EntryFormSection.swift; sourceTree = "<group>"; };
		EE854AD02E58C1A000C776C6 /* EntryStatus.swift */ = {isa = PBXFileReference; lastKnownFileType = sourcecode.swift; path = EntryStatus.swift; sourceTree = "<group>"; };
		EE8CDECD2E78B9D20011B686 /* Subtask.swift */ = {isa = PBXFileReference; lastKnownFileType = sourcecode.swift; path = Subtask.swift; sourceTree = "<group>"; };
		EE984E952E58DA08004A272F /* NewClientView.swift */ = {isa = PBXFileReference; lastKnownFileType = sourcecode.swift; path = NewClientView.swift; sourceTree = "<group>"; };
		EEA142532E942FCF00ACB8DD /* Date+Bounds.swift */ = {isa = PBXFileReference; lastKnownFileType = sourcecode.swift; path = "Date+Bounds.swift"; sourceTree = "<group>"; };
		EEA142552E9437B300ACB8DD /* DateBoundsTests.swift */ = {isa = PBXFileReference; lastKnownFileType = sourcecode.swift; path = DateBoundsTests.swift; sourceTree = "<group>"; };
		EEAB0DDA2FDA000000000001 /* GettingStartedCard.swift */ = {isa = PBXFileReference; lastKnownFileType = sourcecode.swift; path = GettingStartedCard.swift; sourceTree = "<group>"; };
		EEAB0DDA2FDA000000000003 /* RunningTimerBar.swift */ = {isa = PBXFileReference; lastKnownFileType = sourcecode.swift; path = RunningTimerBar.swift; sourceTree = "<group>"; };
		EEAB0DDA2FDA000000000005 /* StarterTodos.swift */ = {isa = PBXFileReference; lastKnownFileType = sourcecode.swift; path = StarterTodos.swift; sourceTree = "<group>"; };
		EEABCEB22E4E47A20029A98C /* HomeView.swift */ = {isa = PBXFileReference; lastKnownFileType = sourcecode.swift; path = HomeView.swift; sourceTree = "<group>"; };
		EEABCEB42E4E5E3F0029A98C /* DateExtensions.swift */ = {isa = PBXFileReference; lastKnownFileType = sourcecode.swift; path = DateExtensions.swift; sourceTree = "<group>"; };
		EEABCEB62E4E845E0029A98C /* AutoBackup.swift */ = {isa = PBXFileReference; lastKnownFileType = sourcecode.swift; path = AutoBackup.swift; sourceTree = "<group>"; };
		EEB9C9732E4FC7FA009D95B9 /* Backup.swift */ = {isa = PBXFileReference; lastKnownFileType = sourcecode.swift; path = Backup.swift; sourceTree = "<group>"; };
		EEB9C9812E4FC907009D95B9 /* ClientListView.swift */ = {isa = PBXFileReference; lastKnownFileType = sourcecode.swift; path = ClientListView.swift; sourceTree = "<group>"; };
		EEC3778D2E9218E90066C54E /* Entry+RunningElapsed.swift */ = {isa = PBXFileReference; lastKnownFileType = sourcecode.swift; path = "Entry+RunningElapsed.swift"; sourceTree = "<group>"; };
		EEC3778F2E921A860066C54E /* StatPill.swift */ = {isa = PBXFileReference; lastKnownFileType = sourcecode.swift; path = StatPill.swift; sourceTree = "<group>"; };
		EEC377912E921A910066C54E /* EntryRows.swift */ = {isa = PBXFileReference; lastKnownFileType = sourcecode.swift; path = EntryRows.swift; sourceTree = "<group>"; };
		EEC377932E921DC80066C54E /* Colors.swift */ = {isa = PBXFileReference; lastKnownFileType = sourcecode.swift; path = Colors.swift; sourceTree = "<group>"; };
		EEC377952E921DCB0066C54E /* TimeFormatting.swift */ = {isa = PBXFileReference; lastKnownFileType = sourcecode.swift; path = TimeFormatting.swift; sourceTree = "<group>"; };
		EEC46E772FD9C0050047ABBE /* ReportsChartsView.swift */ = {isa = PBXFileReference; lastKnownFileType = sourcecode.swift; path = ReportsChartsView.swift; sourceTree = "<group>"; };
		EEC46E792FD9C1AD0047ABBE /* ExportView.swift */ = {isa = PBXFileReference; lastKnownFileType = sourcecode.swift; path = ExportView.swift; sourceTree = "<group>"; };
		EEC46E7B2FD9C1BD0047ABBE /* CSVImporter.swift */ = {isa = PBXFileReference; lastKnownFileType = sourcecode.swift; path = CSVImporter.swift; sourceTree = "<group>"; };
		EEC46E7D2FD9C39F0047ABBE /* ExportView.swift */ = {isa = PBXFileReference; lastKnownFileType = sourcecode.swift; path = ExportView.swift; sourceTree = "<group>"; };
		EEC744B82E5CFB0000E9D21A /* InvoiceNumberManager.swift */ = {isa = PBXFileReference; lastKnownFileType = sourcecode.swift; path = InvoiceNumberManager.swift; sourceTree = "<group>"; };
		EEC744BA2E5D0F5100E9D21A /* Invoice.swift */ = {isa = PBXFileReference; lastKnownFileType = sourcecode.swift; path = Invoice.swift; sourceTree = "<group>"; };
		EEC744BC2E5D10D500E9D21A /* InvoiceDetailView.swift */ = {isa = PBXFileReference; lastKnownFileType = sourcecode.swift; path = InvoiceDetailView.swift; sourceTree = "<group>"; };
		EEC744BE2E71F07700E9D21A /* AgendaExporter.swift */ = {isa = PBXFileReference; lastKnownFileType = sourcecode.swift; path = AgendaExporter.swift; sourceTree = "<group>"; };
		EECB80B92FCDC488007252D5 /* SearchView.swift */ = {isa = PBXFileReference; lastKnownFileType = sourcecode.swift; path = SearchView.swift; sourceTree = "<group>"; };
		EECB80BB2FCDC9ED007252D5 /* QuickAddView.swift */ = {isa = PBXFileReference; lastKnownFileType = sourcecode.swift; path = QuickAddView.swift; sourceTree = "<group>"; };
		EECB80BD2FCDCBEB007252D5 /* SpeechRecognizer.swift */ = {isa = PBXFileReference; lastKnownFileType = sourcecode.swift; path = SpeechRecognizer.swift; sourceTree = "<group>"; };
		EECB80BF2FCDE69E007252D5 /* AppTheme.swift */ = {isa = PBXFileReference; lastKnownFileType = sourcecode.swift; path = AppTheme.swift; sourceTree = "<group>"; };
		EEDA2F642E4F78A6007CA39B /* BrickDot.entitlements */ = {isa = PBXFileReference; lastKnownFileType = text.plist.entitlements; path = BrickDot.entitlements; sourceTree = "<group>"; };
		EEDCD67D2E4D7C2000C792C4 /* Assets.xcassets */ = {isa = PBXFileReference; lastKnownFileType = folder.assetcatalog; path = Assets.xcassets; sourceTree = "<group>"; };
		EEDCD6802E4D7CB900C792C4 /* LogView.swift */ = {isa = PBXFileReference; lastKnownFileType = sourcecode.swift; path = LogView.swift; sourceTree = "<group>"; };
		EEDCD6812E4D7CB900C792C4 /* NewEntryView.swift */ = {isa = PBXFileReference; lastKnownFileType = sourcecode.swift; path = NewEntryView.swift; sourceTree = "<group>"; };
		EEDCD68F2E4D7CCF00C792C4 /* CSVExporter.swift */ = {isa = PBXFileReference; lastKnownFileType = sourcecode.swift; path = CSVExporter.swift; sourceTree = "<group>"; };
		EEDCD6902E4D7CCF00C792C4 /* ShareSheet.swift */ = {isa = PBXFileReference; lastKnownFileType = sourcecode.swift; path = ShareSheet.swift; sourceTree = "<group>"; };
		EEDCD6972E4D7CE200C792C4 /* Client.swift */ = {isa = PBXFileReference; lastKnownFileType = sourcecode.swift; path = Client.swift; sourceTree = "<group>"; };
		EEDCD6982E4D7CE200C792C4 /* Entry.swift */ = {isa = PBXFileReference; lastKnownFileType = sourcecode.swift; path = Entry.swift; sourceTree = "<group>"; };
		EEDCD69F2E4D7CFB00C792C4 /* DateFormatter+ISO.swift */ = {isa = PBXFileReference; lastKnownFileType = sourcecode.swift; path = "DateFormatter+ISO.swift"; sourceTree = "<group>"; };
		EEDCD6AF2E4D830400C792C4 /* Constants.swift */ = {isa = PBXFileReference; lastKnownFileType = sourcecode.swift; path = Constants.swift; sourceTree = "<group>"; };
		EEDCD6B12E4D88BA00C792C4 /* BrickDotApp.swift */ = {isa = PBXFileReference; lastKnownFileType = sourcecode.swift; path = BrickDotApp.swift; sourceTree = "<group>"; };
		EEE727D32FDC462800B0FAD3 /* NotificationManager.swift */ = {isa = PBXFileReference; lastKnownFileType = sourcecode.swift; path = NotificationManager.swift; sourceTree = "<group>"; };
		EEE835CE2E9C973300317915 /* SettingsView.swift */ = {isa = PBXFileReference; lastKnownFileType = sourcecode.swift; path = SettingsView.swift; sourceTree = "<group>"; };
		EEE835D02E9C994F00317915 /* ProfileView.swift */ = {isa = PBXFileReference; lastKnownFileType = sourcecode.swift; path = ProfileView.swift; sourceTree = "<group>"; };
		EEF0D1BE2FCCAEDB00DD4158 /* BrickDotDebug.entitlements */ = {isa = PBXFileReference; lastKnownFileType = text.plist.entitlements; path = BrickDotDebug.entitlements; sourceTree = "<group>"; };
		EEF0D1BF2FCCAF2400DD4158 /* BrickDot-Info.plist */ = {isa = PBXFileReference; lastKnownFileType = text.plist; path = "BrickDot-Info.plist"; sourceTree = "<group>"; };
		FEA8EDC224D5497C8F236CA2 /* TaskDataSerializer.swift */ = {isa = PBXFileReference; lastKnownFileType = sourcecode.swift; path = TaskDataSerializer.swift; sourceTree = "<group>"; };
/* End PBXFileReference section */

/* Begin PBXFrameworksBuildPhase section */
		EEDCD64C2E4D77EF00C792C4 /* Frameworks */ = {
			isa = PBXFrameworksBuildPhase;
			buildActionMask = 2147483647;
			files = (
			);
			runOnlyForDeploymentPostprocessing = 0;
		};
/* End PBXFrameworksBuildPhase section */

/* Begin PBXGroup section */
		EEDCD6462E4D77EF00C792C4 = {
			isa = PBXGroup;
			children = (
				EEF0D1BF2FCCAF2400DD4158 /* BrickDot-Info.plist */,
				EEF0D1BE2FCCAEDB00DD4158 /* BrickDotDebug.entitlements */,
				EEDCD6B12E4D88BA00C792C4 /* BrickDotApp.swift */,
				EEDCD6AF2E4D830400C792C4 /* Constants.swift */,
				EEDA2F642E4F78A6007CA39B /* BrickDot.entitlements */,
				EEDCD67C2E4D79E100C792C4 /* Helpers */,
				EEDCD67B2E4D79D100C792C4 /* Utilities */,
				EEDCD67A2E4D79A500C792C4 /* Views */,
				EEDCD6792E4D798C00C792C4 /* Models */,
				EEDCD6502E4D77EF00C792C4 /* Products */,
				EEDCD67D2E4D7C2000C792C4 /* Assets.xcassets */,
				EE150DF92E920DA7005C4321 /* TimeLog.swift */,
			);
			sourceTree = "<group>";
		};
		EEDCD6502E4D77EF00C792C4 /* Products */ = {
			isa = PBXGroup;
			children = (
				EE2B90972E59589E00DB8809 /* BrickDot.app */,
			);
			name = Products;
			sourceTree = "<group>";
		};
		EEDCD6792E4D798C00C792C4 /* Models */ = {
			isa = PBXGroup;
			children = (
				EE205D892F1BDAE100E2B088 /* EntryTemplate.swift */,
				EEDCD6972E4D7CE200C792C4 /* Client.swift */,
				EEDCD6982E4D7CE200C792C4 /* Entry.swift */,
				EEC744BA2E5D0F5100E9D21A /* Invoice.swift */,
				EE8CDECD2E78B9D20011B686 /* Subtask.swift */,
				D4ACCA611E51643F69DDAC54 /* UserProfile.swift */,
				EE205D8B2F1BDF1600E2B088 /* EntryTemplateEditorView.swift */,
				EE205D8D2F1BE1F800E2B088 /* SubtasksSectionView.swift */,
			);
			path = Models;
			sourceTree = "<group>";
		};
		EEDCD67A2E4D79A500C792C4 /* Views */ = {
			isa = PBXGroup;
			children = (
				EEC46E7D2FD9C39F0047ABBE /* ExportView.swift */,
				EEC46E792FD9C1AD0047ABBE /* ExportView.swift */,
				EEC46E772FD9C0050047ABBE /* ReportsChartsView.swift */,
				EECB80BB2FCDC9ED007252D5 /* QuickAddView.swift */,
				EECB80B92FCDC488007252D5 /* SearchView.swift */,
				EE0C627D2E4F601C0008DDE4 /* ClientDetailView.swift */,
				78253F17C58F942AE90C87A5 /* EntryListView.swift */,
				EEB9C9812E4FC907009D95B9 /* ClientListView.swift */,
				EEC377932E921DC80066C54E /* Colors.swift */,
				EEA142532E942FCF00ACB8DD /* Date+Bounds.swift */,
				EEA142552E9437B300ACB8DD /* DateBoundsTests.swift */,
				EE02CC6B2E4E31F000173CC4 /* EditEntryView.swift */,
				EE854AD02E58C1A000C776C6 /* EntryStatus.swift */,
				EEC3778D2E9218E90066C54E /* Entry+RunningElapsed.swift */,
				EE854ACE2E58BC9000C776C6 /* EntryFormSection.swift */,
				EEC377912E921A910066C54E /* EntryRows.swift */,
				EE02CC662E4DB0D600173CC4 /* ExportView.swift */,
				EE984E952E58DA08004A272F /* NewClientView.swift */,
				EEAB0DDA2FDA000000000001 /* GettingStartedCard.swift */,
				EEAB0DDA2FDA000000000003 /* RunningTimerBar.swift */,
				EEAB0DDA2FDA000000000005 /* StarterTodos.swift */,
				EEABCEB22E4E47A20029A98C /* HomeView.swift */,
				E99887AC14A84BD1A61B3ECA /* CoachView.swift */,
				EEC744BC2E5D10D500E9D21A /* InvoiceDetailView.swift */,
				EEDCD6802E4D7CB900C792C4 /* LogView.swift */,
				EEDCD6812E4D7CB900C792C4 /* NewEntryView.swift */,
				EEE835D02E9C994F00317915 /* ProfileView.swift */,
				EE02CC672E4DB0D600173CC4 /* RootView.swift */,
				EEC3778F2E921A860066C54E /* StatPill.swift */,
				EEE835CE2E9C973300317915 /* SettingsView.swift */,
				EEC377952E921DCB0066C54E /* TimeFormatting.swift */,
				EE0E53762EA9CB4100C07E2E /* StatsSectionView.swift */,
				EE0E53782EA9CC0C00C07E2E /* StatsComponents.swift */,
				EE0E537A2EA9CDE300C07E2E /* StatsPageView.swift */,
				EE0E537E2EA9CEDB00C07E2E /* EntriesListView.swift */,
				EE192F532EA9DD68002F38A0 /* CalendarMonthView.swift */,
			);
			path = Views;
			sourceTree = "<group>";
		};
		EEDCD67B2E4D79D100C792C4 /* Utilities */ = {
			isa = PBXGroup;
			children = (
				EEE727D32FDC462800B0FAD3 /* NotificationManager.swift */,
				EEC46E7B2FD9C1BD0047ABBE /* CSVImporter.swift */,
				EECB80BF2FCDE69E007252D5 /* AppTheme.swift */,
				FEA8EDC224D5497C8F236CA2 /* TaskDataSerializer.swift */,
				308ADFE7164B4275830B6745 /* AIService.swift */,
				AABB11CC22DD33EE44FF5502 /* CoachToolModels.swift */,
				AABB11CC22DD33EE44FF5504 /* CoachToolWriter.swift */,
				EECB80BD2FCDCBEB007252D5 /* SpeechRecognizer.swift */,
				EEDCD68F2E4D7CCF00C792C4 /* CSVExporter.swift */,
				EEDCD6902E4D7CCF00C792C4 /* ShareSheet.swift */,
				EE02CC6F2E4E373900173CC4 /* DocumentPicker.swift */,
				EEABCEB42E4E5E3F0029A98C /* DateExtensions.swift */,
				EEABCEB62E4E845E0029A98C /* AutoBackup.swift */,
				EEB9C9732E4FC7FA009D95B9 /* Backup.swift */,
				EEC744B82E5CFB0000E9D21A /* InvoiceNumberManager.swift */,
				EEC744BE2E71F07700E9D21A /* AgendaExporter.swift */,
				85F67452D64B466F96EAC824 /* InvoicePDFRenderer.swift */,
			);
			path = Utilities;
			sourceTree = "<group>";
		};
		EEDCD67C2E4D79E100C792C4 /* Helpers */ = {
			isa = PBXGroup;
			children = (
				EEDCD69F2E4D7CFB00C792C4 /* DateFormatter+ISO.swift */,
			);
			path = Helpers;
			sourceTree = "<group>";
		};
/* End PBXGroup section */

/* Begin PBXNativeTarget section */
		EEDCD64E2E4D77EF00C792C4 /* BrickDot */ = {
			isa = PBXNativeTarget;
			buildConfigurationList = EEDCD6702E4D77F100C792C4 /* Build configuration list for PBXNativeTarget "BrickDot" */;
			buildPhases = (
				EEDCD64B2E4D77EF00C792C4 /* Sources */,
				EEDCD64C2E4D77EF00C792C4 /* Frameworks */,
				EEDCD64D2E4D77EF00C792C4 /* Resources */,
			);
			buildRules = (
			);
			dependencies = (
			);
			name = BrickDot;
			packageProductDependencies = (
			);
			productName = "Quickbooks Invoicing";
			productReference = EE2B90972E59589E00DB8809 /* BrickDot.app */;
			productType = "com.apple.product-type.application";
		};
/* End PBXNativeTarget section */

/* Begin PBXProject section */
		EEDCD6472E4D77EF00C792C4 /* Project object */ = {
			isa = PBXProject;
			attributes = {
				BuildIndependentTargetsInParallel = 1;
				LastSwiftUpdateCheck = 1640;
				LastUpgradeCheck = 2650;
				TargetAttributes = {
					EEDCD64E2E4D77EF00C792C4 = {
						CreatedOnToolsVersion = 16.4;
					};
				};
			};
			buildConfigurationList = EEDCD64A2E4D77EF00C792C4 /* Build configuration list for PBXProject "BrickDot" */;
			developmentRegion = en;
			hasScannedForEncodings = 0;
			knownRegions = (
				en,
				Base,
			);
			mainGroup = EEDCD6462E4D77EF00C792C4;
			minimizedProjectReferenceProxies = 1;
			preferredProjectObjectVersion = 77;
			productRefGroup = EEDCD6502E4D77EF00C792C4 /* Products */;
			projectDirPath = "";
			projectRoot = "";
			targets = (
				EEDCD64E2E4D77EF00C792C4 /* BrickDot */,
			);
		};
/* End PBXProject section */

/* Begin PBXResourcesBuildPhase section */
		EEDCD64D2E4D77EF00C792C4 /* Resources */ = {
			isa = PBXResourcesBuildPhase;
			buildActionMask = 2147483647;
			files = (
				EEDCD67E2E4D7C2000C792C4 /* Assets.xcassets in Resources */,
			);
			runOnlyForDeploymentPostprocessing = 0;
		};
/* End PBXResourcesBuildPhase section */

/* Begin PBXSourcesBuildPhase section */
		EEDCD64B2E4D77EF00C792C4 /* Sources */ = {
			isa = PBXSourcesBuildPhase;
			buildActionMask = 2147483647;
			files = (
				EEC744BF2E71F07700E9D21A /* AgendaExporter.swift in Sources */,
				EEE835D12E9C994F00317915 /* ProfileView.swift in Sources */,
				EE205D8C2F1BDF1600E2B088 /* EntryTemplateEditorView.swift in Sources */,
				EE854ACF2E58BC9000C776C6 /* EntryFormSection.swift in Sources */,
				EE854AC72E581BDA00C776C6 /* Entry.swift in Sources */,
				EEC377942E921DC80066C54E /* Colors.swift in Sources */,
				EEC377922E921A910066C54E /* EntryRows.swift in Sources */,
				EEA142562E9437B300ACB8DD /* DateBoundsTests.swift in Sources */,
				EEDCD6912E4D7CCF00C792C4 /* CSVExporter.swift in Sources */,
				EEDCD6922E4D7CCF00C792C4 /* ShareSheet.swift in Sources */,
				EEC46E7E2FD9C39F0047ABBE /* ExportView.swift in Sources */,
				EE0E537B2EA9CDE300C07E2E /* StatsPageView.swift in Sources */,
				EE8CDECE2E78B9D20011B686 /* Subtask.swift in Sources */,
				EEC744B92E5CFB0000E9D21A /* InvoiceNumberManager.swift in Sources */,
				EE205D8A2F1BDAE100E2B088 /* EntryTemplate.swift in Sources */,
				EEABCEB72E4E845E0029A98C /* AutoBackup.swift in Sources */,
				EE02CC682E4DB0D600173CC4 /* RootView.swift in Sources */,
				EE02CC702E4E373900173CC4 /* DocumentPicker.swift in Sources */,
				EE854AD12E58C1A000C776C6 /* EntryStatus.swift in Sources */,
				EEABCEB52E4E5E3F0029A98C /* DateExtensions.swift in Sources */,
				EECB80BE2FCDCBEB007252D5 /* SpeechRecognizer.swift in Sources */,
				EE205D8E2F1BE1F800E2B088 /* SubtasksSectionView.swift in Sources */,
				EEC377962E921DCB0066C54E /* TimeFormatting.swift in Sources */,
				EEE835CF2E9C973300317915 /* SettingsView.swift in Sources */,
				641EAE95C9BAC6DA7C66E2BC /* UserProfile.swift in Sources */,
				EE854AC82E581BE000C776C6 /* Client.swift in Sources */,
				EEDCD6842E4D7CB900C792C4 /* LogView.swift in Sources */,
				EEDCD6B02E4D830C00C792C4 /* Constants.swift in Sources */,
				EE192F542EA9DD68002F38A0 /* CalendarMonthView.swift in Sources */,
				EECB80C02FCDE69E007252D5 /* AppTheme.swift in Sources */,
				EEC46E782FD9C0050047ABBE /* ReportsChartsView.swift in Sources */,
				39DBBEDBB80A424FBFE1045F /* AIService.swift in Sources */,
				AABB11CC22DD33EE44FF5501 /* CoachToolModels.swift in Sources */,
				AABB11CC22DD33EE44FF5503 /* CoachToolWriter.swift in Sources */,
				EB3A162D0B164E2F84430D72 /* TaskDataSerializer.swift in Sources */,
				80EBB0D0B8534DC8B6B2EE0C /* CoachView.swift in Sources */,
				EEABCEB32E4E47A20029A98C /* HomeView.swift in Sources */,
				EEC46E7C2FD9C1BD0047ABBE /* CSVImporter.swift in Sources */,
				EE0E537F2EA9CEDB00C07E2E /* EntriesListView.swift in Sources */,
				EECB80BC2FCDC9ED007252D5 /* QuickAddView.swift in Sources */,
				EE5DFE7F2E4FAE8100D7D747 /* BrickDotApp.swift in Sources */,
				EE0E53772EA9CB4100C07E2E /* StatsSectionView.swift in Sources */,
				EEB9C9742E4FC7FA009D95B9 /* Backup.swift in Sources */,
				EE0C627E2E4F601C0008DDE4 /* ClientDetailView.swift in Sources */,
				3F10911D3601473036CF262B /* EntryListView.swift in Sources */,
				EEA142542E942FCF00ACB8DD /* Date+Bounds.swift in Sources */,
				EEC744BD2E5D10D500E9D21A /* InvoiceDetailView.swift in Sources */,
				EEC377902E921A860066C54E /* StatPill.swift in Sources */,
				EEAB0DDA2FDA000000000002 /* GettingStartedCard.swift in Sources */,
				EEAB0DDA2FDA000000000004 /* RunningTimerBar.swift in Sources */,
				EEAB0DDA2FDA000000000006 /* StarterTodos.swift in Sources */,
				EECB80BA2FCDC488007252D5 /* SearchView.swift in Sources */,
				EEC744BB2E5D0F5100E9D21A /* Invoice.swift in Sources */,
				EE150DFA2E920DA7005C4321 /* TimeLog.swift in Sources */,
				EE0E53792EA9CC0C00C07E2E /* StatsComponents.swift in Sources */,
				EE984E962E58DA08004A272F /* NewClientView.swift in Sources */,
				EEB9C9822E4FC907009D95B9 /* ClientListView.swift in Sources */,
				EEDCD6A02E4D7CFB00C792C4 /* DateFormatter+ISO.swift in Sources */,
				EEE727D42FDC462900B0FAD3 /* NotificationManager.swift in Sources */,
				EE02CC6C2E4E31F000173CC4 /* EditEntryView.swift in Sources */,
				EEC3778E2E9218E90066C54E /* Entry+RunningElapsed.swift in Sources */,
				EEDCD6852E4D7CB900C792C4 /* NewEntryView.swift in Sources */,
				56449446042E4A99A0524855 /* InvoicePDFRenderer.swift in Sources */,
			);
			runOnlyForDeploymentPostprocessing = 0;
		};
/* End PBXSourcesBuildPhase section */

/* Begin XCBuildConfiguration section */
		EEDCD66E2E4D77F100C792C4 /* Debug */ = {
			isa = XCBuildConfiguration;
			buildSettings = {
				ALWAYS_SEARCH_USER_PATHS = NO;
				ASSETCATALOG_COMPILER_GENERATE_SWIFT_ASSET_SYMBOL_EXTENSIONS = YES;
				CLANG_ANALYZER_NONNULL = YES;
				CLANG_ANALYZER_NUMBER_OBJECT_CONVERSION = YES_AGGRESSIVE;
				CLANG_CXX_LANGUAGE_STANDARD = "gnu++20";
				CLANG_ENABLE_MODULES = YES;
				CLANG_ENABLE_OBJC_ARC = YES;
				CLANG_ENABLE_OBJC_WEAK = YES;
				CLANG_WARN_BLOCK_CAPTURE_AUTORELEASING = YES;
				CLANG_WARN_BOOL_CONVERSION = YES;
				CLANG_WARN_COMMA = YES;
				CLANG_WARN_CONSTANT_CONVERSION = YES;
				CLANG_WARN_DEPRECATED_OBJC_IMPLEMENTATIONS = YES;
				CLANG_WARN_DIRECT_OBJC_ISA_USAGE = YES_ERROR;
				CLANG_WARN_DOCUMENTATION_COMMENTS = YES;
				CLANG_WARN_EMPTY_BODY = YES;
				CLANG_WARN_ENUM_CONVERSION = YES;
				CLANG_WARN_INFINITE_RECURSION = YES;
				CLANG_WARN_INT_CONVERSION = YES;
				CLANG_WARN_NON_LITERAL_NULL_CONVERSION = YES;
				CLANG_WARN_OBJC_IMPLICIT_RETAIN_SELF = YES;
				CLANG_WARN_OBJC_LITERAL_CONVERSION = YES;
				CLANG_WARN_OBJC_ROOT_CLASS = YES_ERROR;
				CLANG_WARN_QUOTED_INCLUDE_IN_FRAMEWORK_HEADER = YES;
				CLANG_WARN_RANGE_LOOP_ANALYSIS = YES;
				CLANG_WARN_STRICT_PROTOTYPES = YES;
				CLANG_WARN_SUSPICIOUS_MOVE = YES;
				CLANG_WARN_UNGUARDED_AVAILABILITY = YES_AGGRESSIVE;
				CLANG_WARN_UNREACHABLE_CODE = YES;
				CLANG_WARN__DUPLICATE_METHOD_MATCH = YES;
				COPY_PHASE_STRIP = NO;
				DEBUG_INFORMATION_FORMAT = dwarf;
				DEVELOPMENT_TEAM = 737L4P3UV2;
				ENABLE_STRICT_OBJC_MSGSEND = YES;
				ENABLE_TESTABILITY = YES;
				ENABLE_USER_SCRIPT_SANDBOXING = YES;
				GCC_C_LANGUAGE_STANDARD = gnu17;
				GCC_DYNAMIC_NO_PIC = NO;
				GCC_NO_COMMON_BLOCKS = YES;
				GCC_OPTIMIZATION_LEVEL = 0;
				GCC_PREPROCESSOR_DEFINITIONS = (
					"DEBUG=1",
					"$(inherited)",
				);
				GCC_WARN_64_TO_32_BIT_CONVERSION = YES;
				GCC_WARN_ABOUT_RETURN_TYPE = YES_ERROR;
				GCC_WARN_UNDECLARED_SELECTOR = YES;
				GCC_WARN_UNINITIALIZED_AUTOS = YES_AGGRESSIVE;
				GCC_WARN_UNUSED_FUNCTION = YES;
				GCC_WARN_UNUSED_VARIABLE = YES;
				IPHONEOS_DEPLOYMENT_TARGET = 18.5;
				LOCALIZATION_PREFERS_STRING_CATALOGS = YES;
				MTL_ENABLE_DEBUG_INFO = INCLUDE_SOURCE;
				MTL_FAST_MATH = YES;
				ONLY_ACTIVE_ARCH = YES;
				SDKROOT = iphoneos;
				STRING_CATALOG_GENERATE_SYMBOLS = YES;
				SWIFT_ACTIVE_COMPILATION_CONDITIONS = "DEBUG $(inherited)";
				SWIFT_OPTIMIZATION_LEVEL = "-Onone";
			};
			name = Debug;
		};
		EEDCD66F2E4D77F100C792C4 /* Release */ = {
			isa = XCBuildConfiguration;
			buildSettings = {
				ALWAYS_SEARCH_USER_PATHS = NO;
				ASSETCATALOG_COMPILER_GENERATE_SWIFT_ASSET_SYMBOL_EXTENSIONS = YES;
				CLANG_ANALYZER_NONNULL = YES;
				CLANG_ANALYZER_NUMBER_OBJECT_CONVERSION = YES_AGGRESSIVE;
				CLANG_CXX_LANGUAGE_STANDARD = "gnu++20";
				CLANG_ENABLE_MODULES = YES;
				CLANG_ENABLE_OBJC_ARC = YES;
				CLANG_ENABLE_OBJC_WEAK = YES;
				CLANG_WARN_BLOCK_CAPTURE_AUTORELEASING = YES;
				CLANG_WARN_BOOL_CONVERSION = YES;
				CLANG_WARN_COMMA = YES;
				CLANG_WARN_CONSTANT_CONVERSION = YES;
				CLANG_WARN_DEPRECATED_OBJC_IMPLEMENTATIONS = YES;
				CLANG_WARN_DIRECT_OBJC_ISA_USAGE = YES_ERROR;
				CLANG_WARN_DOCUMENTATION_COMMENTS = YES;
				CLANG_WARN_EMPTY_BODY = YES;
				CLANG_WARN_ENUM_CONVERSION = YES;
				CLANG_WARN_INFINITE_RECURSION = YES;
				CLANG_WARN_INT_CONVERSION = YES;
				CLANG_WARN_NON_LITERAL_NULL_CONVERSION = YES;
				CLANG_WARN_OBJC_IMPLICIT_RETAIN_SELF = YES;
				CLANG_WARN_OBJC_LITERAL_CONVERSION = YES;
				CLANG_WARN_OBJC_ROOT_CLASS = YES_ERROR;
				CLANG_WARN_QUOTED_INCLUDE_IN_FRAMEWORK_HEADER = YES;
				CLANG_WARN_RANGE_LOOP_ANALYSIS = YES;
				CLANG_WARN_STRICT_PROTOTYPES = YES;
				CLANG_WARN_SUSPICIOUS_MOVE = YES;
				CLANG_WARN_UNGUARDED_AVAILABILITY = YES_AGGRESSIVE;
				CLANG_WARN_UNREACHABLE_CODE = YES;
				CLANG_WARN__DUPLICATE_METHOD_MATCH = YES;
				COPY_PHASE_STRIP = NO;
				DEBUG_INFORMATION_FORMAT = "dwarf-with-dsym";
				DEVELOPMENT_TEAM = 737L4P3UV2;
				ENABLE_NS_ASSERTIONS = NO;
				ENABLE_STRICT_OBJC_MSGSEND = YES;
				ENABLE_USER_SCRIPT_SANDBOXING = YES;
				GCC_C_LANGUAGE_STANDARD = gnu17;
				GCC_NO_COMMON_BLOCKS = YES;
				GCC_WARN_64_TO_32_BIT_CONVERSION = YES;
				GCC_WARN_ABOUT_RETURN_TYPE = YES_ERROR;
				GCC_WARN_UNDECLARED_SELECTOR = YES;
				GCC_WARN_UNINITIALIZED_AUTOS = YES_AGGRESSIVE;
				GCC_WARN_UNUSED_FUNCTION = YES;
				GCC_WARN_UNUSED_VARIABLE = YES;
				IPHONEOS_DEPLOYMENT_TARGET = 18.5;
				LOCALIZATION_PREFERS_STRING_CATALOGS = YES;
				MTL_ENABLE_DEBUG_INFO = NO;
				MTL_FAST_MATH = YES;
				SDKROOT = iphoneos;
				STRING_CATALOG_GENERATE_SYMBOLS = YES;
				SWIFT_COMPILATION_MODE = wholemodule;
				VALIDATE_PRODUCT = YES;
			};
			name = Release;
		};
		EEDCD6712E4D77F100C792C4 /* Debug */ = {
			isa = XCBuildConfiguration;
			buildSettings = {
				ASSETCATALOG_COMPILER_APPICON_NAME = AppIcon;
				ASSETCATALOG_COMPILER_GLOBAL_ACCENT_COLOR_NAME = AccentColor;
				ASSETCATALOG_COMPILER_INCLUDE_ALL_APPICON_ASSETS = NO;
				CODE_SIGN_ENTITLEMENTS = BrickDotDebug.entitlements;
				CODE_SIGN_IDENTITY = "Apple Development";
				CODE_SIGN_STYLE = Automatic;
				CURRENT_PROJECT_VERSION = 2;
				DEVELOPMENT_TEAM = 87M434KNBL;
				ENABLE_PREVIEWS = YES;
				GENERATE_INFOPLIST_FILE = YES;
				INFOPLIST_FILE = "BrickDot-Info.plist";
				INFOPLIST_KEY_CFBundleDisplayName = BrickDot;
				INFOPLIST_KEY_UIApplicationSceneManifest_Generation = YES;
				INFOPLIST_KEY_UIApplicationSupportsIndirectInputEvents = YES;
				INFOPLIST_KEY_UILaunchScreen_Generation = YES;
				INFOPLIST_KEY_UISupportedInterfaceOrientations_iPad = "UIInterfaceOrientationPortrait UIInterfaceOrientationPortraitUpsideDown UIInterfaceOrientationLandscapeLeft UIInterfaceOrientationLandscapeRight";
				INFOPLIST_KEY_UISupportedInterfaceOrientations_iPhone = UIInterfaceOrientationPortrait;
				IPHONEOS_DEPLOYMENT_TARGET = 17.6;
				LD_RUNPATH_SEARCH_PATHS = (
					"$(inherited)",
					"@executable_path/Frameworks",
				);
				MARKETING_VERSION = 1.0;
				PRODUCT_BUNDLE_IDENTIFIER = ohnodesign.BrickDot;
				PRODUCT_NAME = "$(TARGET_NAME)";
				PROVISIONING_PROFILE_SPECIFIER = "";
				SUPPORTS_MACCATALYST = YES;
				SWIFT_EMIT_LOC_STRINGS = YES;
				SWIFT_VERSION = 5.0;
				TARGETED_DEVICE_FAMILY = "1,2,6";
			};
			name = Debug;
		};
		EEDCD6722E4D77F100C792C4 /* Release */ = {
			isa = XCBuildConfiguration;
			buildSettings = {
				ASSETCATALOG_COMPILER_APPICON_NAME = AppIcon;
				ASSETCATALOG_COMPILER_GLOBAL_ACCENT_COLOR_NAME = AccentColor;
				ASSETCATALOG_COMPILER_INCLUDE_ALL_APPICON_ASSETS = NO;
				CODE_SIGN_ENTITLEMENTS = BrickDot.entitlements;
				CODE_SIGN_STYLE = Automatic;
				CURRENT_PROJECT_VERSION = 2;
				DEVELOPMENT_TEAM = 87M434KNBL;
				ENABLE_PREVIEWS = YES;
				GENERATE_INFOPLIST_FILE = YES;
				INFOPLIST_FILE = "BrickDot-Info.plist";
				INFOPLIST_KEY_CFBundleDisplayName = BrickDot;
				INFOPLIST_KEY_UIApplicationSceneManifest_Generation = YES;
				INFOPLIST_KEY_UIApplicationSupportsIndirectInputEvents = YES;
				INFOPLIST_KEY_UILaunchScreen_Generation = YES;
				INFOPLIST_KEY_UISupportedInterfaceOrientations_iPad = "UIInterfaceOrientationPortrait UIInterfaceOrientationPortraitUpsideDown UIInterfaceOrientationLandscapeLeft UIInterfaceOrientationLandscapeRight";
				INFOPLIST_KEY_UISupportedInterfaceOrientations_iPhone = UIInterfaceOrientationPortrait;
				IPHONEOS_DEPLOYMENT_TARGET = 17.6;
				LD_RUNPATH_SEARCH_PATHS = (
					"$(inherited)",
					"@executable_path/Frameworks",
				);
				MARKETING_VERSION = 1.0;
				PRODUCT_BUNDLE_IDENTIFIER = ohnodesign.BrickDot;
				PRODUCT_NAME = "$(TARGET_NAME)";
				PROVISIONING_PROFILE_SPECIFIER = "";
				SUPPORTS_MACCATALYST = YES;
				SWIFT_EMIT_LOC_STRINGS = YES;
				SWIFT_VERSION = 5.0;
				TARGETED_DEVICE_FAMILY = "1,2,6";
			};
			name = Release;
		};
/* End XCBuildConfiguration section */

/* Begin XCConfigurationList section */
		EEDCD64A2E4D77EF00C792C4 /* Build configuration list for PBXProject "BrickDot" */ = {
			isa = XCConfigurationList;
			buildConfigurations = (
				EEDCD66E2E4D77F100C792C4 /* Debug */,
				EEDCD66F2E4D77F100C792C4 /* Release */,
			);
			defaultConfigurationIsVisible = 0;
			defaultConfigurationName = Release;
		};
		EEDCD6702E4D77F100C792C4 /* Build configuration list for PBXNativeTarget "BrickDot" */ = {
			isa = XCConfigurationList;
			buildConfigurations = (
				EEDCD6712E4D77F100C792C4 /* Debug */,
				EEDCD6722E4D77F100C792C4 /* Release */,
			);
			defaultConfigurationIsVisible = 0;
			defaultConfigurationName = Release;
		};
/* End XCConfigurationList section */
	};
	rootObject = EEDCD6472E4D77EF00C792C4 /* Project object */;
}
